
Microsoft Visual Studio Solution File, Format Version 12.00
# Visual Studio 2015
Project("{FAE04EC0-301F-11D3-BF4B-00C04F79EFBC}") = "New Unity Project_oldTextures.CSharp", "New Unity Project_oldTextures.CSharp.csproj", "{A629C018-F8BD-9F9B-9671-ABD4DBAF13C5}"
EndProject
Project("{FAE04EC0-301F-11D3-BF4B-00C04F79EFBC}") = "New Unity Project_oldTextures.CSharp.Editor", "New Unity Project_oldTextures.CSharp.Editor.csproj", "{0A787444-4187-F62A-925C-FCC918D50C88}"
EndProject
Global
	GlobalSection(SolutionConfigurationPlatforms) = preSolution
		Debug|Any CPU = Debug|Any CPU
		Release|Any CPU = Release|Any CPU
	EndGlobalSection
	GlobalSection(ProjectConfigurationPlatforms) = postSolution
		{A629C018-F8BD-9F9B-9671-ABD4DBAF13C5}.Debug|Any CPU.ActiveCfg = Debug|Any CPU
		{A629C018-F8BD-9F9B-9671-ABD4DBAF13C5}.Debug|Any CPU.Build.0 = Debug|Any CPU
		{A629C018-F8BD-9F9B-9671-ABD4DBAF13C5}.Release|Any CPU.ActiveCfg = Release|Any CPU
		{A629C018-F8BD-9F9B-9671-ABD4DBAF13C5}.Release|Any CPU.Build.0 = Release|Any CPU
		{0A787444-4187-F62A-925C-FCC918D50C88}.Debug|Any CPU.ActiveCfg = Debug|Any CPU
		{0A787444-4187-F62A-925C-FCC918D50C88}.Debug|Any CPU.Build.0 = Debug|Any CPU
		{0A787444-4187-F62A-925C-FCC918D50C88}.Release|Any CPU.ActiveCfg = Release|Any CPU
		{0A787444-4187-F62A-925C-FCC918D50C88}.Release|Any CPU.Build.0 = Release|Any CPU
	EndGlobalSection
	GlobalSection(SolutionProperties) = preSolution
		HideSolutionNode = FALSE
	EndGlobalSection
EndGlobal
